
Microsoft Visual Studio Solution File, Format Version 12.00
# Visual Studio 2012
Project("{FAE04EC0-301F-11D3-BF4B-00C04F79EFBC}") = "BCN.SITIO", "BCN.SITIO\BCN.SITIO.csproj", "{413E25F2-8545-44A9-85B9-72A5C20DC3C9}"
EndProject
Project("{FAE04EC0-301F-11D3-BF4B-00C04F79EFBC}") = "BCN.DOCS", "BCN.DOCS\BCN.DOCS.csproj", "{C62422C2-68FA-4319-8DCC-A52F7268225F}"
EndProject
Global
	GlobalSection(SolutionConfigurationPlatforms) = preSolution
		Debug|Any CPU = Debug|Any CPU
		Release|Any CPU = Release|Any CPU
	EndGlobalSection
	GlobalSection(ProjectConfigurationPlatforms) = postSolution
		{413E25F2-8545-44A9-85B9-72A5C20DC3C9}.Debug|Any CPU.ActiveCfg = Debug|Any CPU
		{413E25F2-8545-44A9-85B9-72A5C20DC3C9}.Debug|Any CPU.Build.0 = Debug|Any CPU
		{413E25F2-8545-44A9-85B9-72A5C20DC3C9}.Release|Any CPU.ActiveCfg = Release|Any CPU
		{413E25F2-8545-44A9-85B9-72A5C20DC3C9}.Release|Any CPU.Build.0 = Release|Any CPU
		{C62422C2-68FA-4319-8DCC-A52F7268225F}.Debug|Any CPU.ActiveCfg = Debug|Any CPU
		{C62422C2-68FA-4319-8DCC-A52F7268225F}.Debug|Any CPU.Build.0 = Debug|Any CPU
		{C62422C2-68FA-4319-8DCC-A52F7268225F}.Release|Any CPU.ActiveCfg = Release|Any CPU
		{C62422C2-68FA-4319-8DCC-A52F7268225F}.Release|Any CPU.Build.0 = Release|Any CPU
	EndGlobalSection
	GlobalSection(SolutionProperties) = preSolution
		HideSolutionNode = FALSE
	EndGlobalSection
	GlobalSection(ExtensibilityGlobals) = postSolution
		SolutionGuid = {C197D7D3-32F6-45FC-B24A-961BB5AA89B2}
	EndGlobalSection
EndGlobal
